
Microsoft Visual Studio Solution File, Format Version 12.00
# Visual Studio Version 17
VisualStudioVersion = 17.13.35828.75 d17.13
MinimumVisualStudioVersion = 10.0.40219.1
Project("{FAE04EC0-301F-11D3-BF4B-00C04F79EFBC}") = "LifeTrackAPI", "LifeTrackAPI\LifeTrackAPI.csproj", "{E375A692-0DC5-42BF-8212-79A330C2CFEB}"
EndProject
Project("{FAE04EC0-301F-11D3-BF4B-00C04F79EFBC}") = "LifeTrackBL", "LifeTrackBL\LifeTrackBL.csproj", "{2FFEA83E-15F8-4164-9701-34B9A396A918}"
EndProject
Project("{FAE04EC0-301F-11D3-BF4B-00C04F79EFBC}") = "LifeTrackDL", "LifeTrackDL\LifeTrackDL.csproj", "{AD64D432-505E-4A7D-8060-0D97817FA299}"
EndProject
Global
	GlobalSection(SolutionConfigurationPlatforms) = preSolution
		Debug|Any CPU = Debug|Any CPU
		Release|Any CPU = Release|Any CPU
	EndGlobalSection
	GlobalSection(ProjectConfigurationPlatforms) = postSolution
		{E375A692-0DC5-42BF-8212-79A330C2CFEB}.Debug|Any CPU.ActiveCfg = Debug|Any CPU
		{E375A692-0DC5-42BF-8212-79A330C2CFEB}.Debug|Any CPU.Build.0 = Debug|Any CPU
		{E375A692-0DC5-42BF-8212-79A330C2CFEB}.Release|Any CPU.ActiveCfg = Release|Any CPU
		{E375A692-0DC5-42BF-8212-79A330C2CFEB}.Release|Any CPU.Build.0 = Release|Any CPU
		{2FFEA83E-15F8-4164-9701-34B9A396A918}.Debug|Any CPU.ActiveCfg = Debug|Any CPU
		{2FFEA83E-15F8-4164-9701-34B9A396A918}.Debug|Any CPU.Build.0 = Debug|Any CPU
		{2FFEA83E-15F8-4164-9701-34B9A396A918}.Release|Any CPU.ActiveCfg = Release|Any CPU
		{2FFEA83E-15F8-4164-9701-34B9A396A918}.Release|Any CPU.Build.0 = Release|Any CPU
		{AD64D432-505E-4A7D-8060-0D97817FA299}.Debug|Any CPU.ActiveCfg = Debug|Any CPU
		{AD64D432-505E-4A7D-8060-0D97817FA299}.Debug|Any CPU.Build.0 = Debug|Any CPU
		{AD64D432-505E-4A7D-8060-0D97817FA299}.Release|Any CPU.ActiveCfg = Release|Any CPU
		{AD64D432-505E-4A7D-8060-0D97817FA299}.Release|Any CPU.Build.0 = Release|Any CPU
	EndGlobalSection
	GlobalSection(SolutionProperties) = preSolution
		HideSolutionNode = FALSE
	EndGlobalSection
	GlobalSection(ExtensibilityGlobals) = postSolution
		SolutionGuid = {0B1BC245-0988-4FDC-A0E5-7DC766252EAD}
	EndGlobalSection
EndGlobal
